// !$*UTF8*$!
{
	archiveVersion = 1;
	classes = {
	};
	objectVersion = 46;
	objects = {

/* Begin PBXBuildFile section */
		7638E4D21EDC41DF002835C9 /* AppDelegate.swift in Sources */ = {isa = PBXBuildFile; fileRef = 7638E4D11EDC41DF002835C9 /* AppDelegate.swift */; };
		7638E4D41EDC41DF002835C9 /* InitialViewController.swift in Sources */ = {isa = PBXBuildFile; fileRef = 7638E4D31EDC41DF002835C9 /* InitialViewController.swift */; };
		7638E4D71EDC41DF002835C9 /* Main.storyboard in Resources */ = {isa = PBXBuildFile; fileRef = 7638E4D51EDC41DF002835C9 /* Main.storyboard */; };
		7638E4DA1EDC41DF002835C9 /* Prime_Numbers.xcdatamodeld in Sources */ = {isa = PBXBuildFile; fileRef = 7638E4D81EDC41DF002835C9 /* Prime_Numbers.xcdatamodeld */; };
		7638E4DC1EDC41DF002835C9 /* Assets.xcassets in Resources */ = {isa = PBXBuildFile; fileRef = 7638E4DB1EDC41DF002835C9 /* Assets.xcassets */; };
		7638E4DF1EDC41DF002835C9 /* LaunchScreen.storyboard in Resources */ = {isa = PBXBuildFile; fileRef = 7638E4DD1EDC41DF002835C9 /* LaunchScreen.storyboard */; };
		7638E4E71EDC4320002835C9 /* PrimeNumberValidate.swift in Sources */ = {isa = PBXBuildFile; fileRef = 7638E4E61EDC4320002835C9 /* PrimeNumberValidate.swift */; };
		7638E4E91EDC4DBC002835C9 /* PrimeNumbersStats.swift in Sources */ = {isa = PBXBuildFile; fileRef = 7638E4E81EDC4DBC002835C9 /* PrimeNumbersStats.swift */; };
/* End PBXBuildFile section */

/* Begin PBXFileReference section */
		7638E4CE1EDC41DF002835C9 /* Prime Numbers.app */ = {isa = PBXFileReference; explicitFileType = wrapper.application; includeInIndex = 0; path = "Prime Numbers.app"; sourceTree = BUILT_PRODUCTS_DIR; };
		7638E4D11EDC41DF002835C9 /* AppDelegate.swift */ = {isa = PBXFileReference; lastKnownFileType = sourcecode.swift; path = AppDelegate.swift; sourceTree = "<group>"; };
		7638E4D31EDC41DF002835C9 /* InitialViewController.swift */ = {isa = PBXFileReference; lastKnownFileType = sourcecode.swift; path = InitialViewController.swift; sourceTree = "<group>"; };
		7638E4D61EDC41DF002835C9 /* Base */ = {isa = PBXFileReference; lastKnownFileType = file.storyboard; name = Base; path = Base.lproj/Main.storyboard; sourceTree = "<group>"; };
		7638E4D91EDC41DF002835C9 /* Prime_Numbers.xcdatamodel */ = {isa = PBXFileReference; lastKnownFileType = wrapper.xcdatamodel; path = Prime_Numbers.xcdatamodel; sourceTree = "<group>"; };
		7638E4DB1EDC41DF002835C9 /* Assets.xcassets */ = {isa = PBXFileReference; lastKnownFileType = folder.assetcatalog; path = Assets.xcassets; sourceTree = "<group>"; };
		7638E4DE1EDC41DF002835C9 /* Base */ = {isa = PBXFileReference; lastKnownFileType = file.storyboard; name = Base; path = Base.lproj/LaunchScreen.storyboard; sourceTree = "<group>"; };
		7638E4E01EDC41DF002835C9 /* Info.plist */ = {isa = PBXFileReference; lastKnownFileType = text.plist.xml; path = Info.plist; sourceTree = "<group>"; };
		7638E4E61EDC4320002835C9 /* PrimeNumberValidate.swift */ = {isa = PBXFileReference; fileEncoding = 4; lastKnownFileType = sourcecode.swift; path = PrimeNumberValidate.swift; sourceTree = "<group>"; };
		7638E4E81EDC4DBC002835C9 /* PrimeNumbersStats.swift */ = {isa = PBXFileReference; fileEncoding = 4; lastKnownFileType = sourcecode.swift; path = PrimeNumbersStats.swift; sourceTree = "<group>"; };
/* End PBXFileReference section */

/* Begin PBXFrameworksBuildPhase section */
		7638E4CB1EDC41DF002835C9 /* Frameworks */ = {
			isa = PBXFrameworksBuildPhase;
			buildActionMask = 2147483647;
			files = (
			);
			runOnlyForDeploymentPostprocessing = 0;
		};
/* End PBXFrameworksBuildPhase section */

/* Begin PBXGroup section */
		7638E4C51EDC41DF002835C9 = {
			isa = PBXGroup;
			children = (
				7638E4D01EDC41DF002835C9 /* Prime Numbers */,
				7638E4CF1EDC41DF002835C9 /* Products */,
			);
			sourceTree = "<group>";
		};
		7638E4CF1EDC41DF002835C9 /* Products */ = {
			isa = PBXGroup;
			children = (
				7638E4CE1EDC41DF002835C9 /* Prime Numbers.app */,
			);
			name = Products;
			sourceTree = "<group>";
		};
		7638E4D01EDC41DF002835C9 /* Prime Numbers */ = {
			isa = PBXGroup;
			children = (
				7638E4D11EDC41DF002835C9 /* AppDelegate.swift */,
				7638E4D31EDC41DF002835C9 /* InitialViewController.swift */,
				7638E4E61EDC4320002835C9 /* PrimeNumberValidate.swift */,
				7638E4E81EDC4DBC002835C9 /* PrimeNumbersStats.swift */,
				7638E4D51EDC41DF002835C9 /* Main.storyboard */,
				7638E4DB1EDC41DF002835C9 /* Assets.xcassets */,
				7638E4DD1EDC41DF002835C9 /* LaunchScreen.storyboard */,
				7638E4E01EDC41DF002835C9 /* Info.plist */,
				7638E4D81EDC41DF002835C9 /* Prime_Numbers.xcdatamodeld */,
			);
			path = "Prime Numbers";
			sourceTree = "<group>";
		};
/* End PBXGroup section */

/* Begin PBXNativeTarget section */
		7638E4CD1EDC41DF002835C9 /* Prime Numbers */ = {
			isa = PBXNativeTarget;
			buildConfigurationList = 7638E4E31EDC41DF002835C9 /* Build configuration list for PBXNativeTarget "Prime Numbers" */;
			buildPhases = (
				7638E4CA1EDC41DF002835C9 /* Sources */,
				7638E4CB1EDC41DF002835C9 /* Frameworks */,
				7638E4CC1EDC41DF002835C9 /* Resources */,
			);
			buildRules = (
			);
			dependencies = (
			);
			name = "Prime Numbers";
			productName = "Prime Numbers";
			productReference = 7638E4CE1EDC41DF002835C9 /* Prime Numbers.app */;
			productType = "com.apple.product-type.application";
		};
/* End PBXNativeTarget section */

/* Begin PBXProject section */
		7638E4C61EDC41DF002835C9 /* Project object */ = {
			isa = PBXProject;
			attributes = {
				LastSwiftUpdateCheck = 0830;
				LastUpgradeCheck = 0830;
				ORGANIZATIONNAME = "Taras Minin";
				TargetAttributes = {
					7638E4CD1EDC41DF002835C9 = {
						CreatedOnToolsVersion = 8.3.2;
						DevelopmentTeam = D82HCVQN26;
						ProvisioningStyle = Automatic;
					};
				};
			};
			buildConfigurationList = 7638E4C91EDC41DF002835C9 /* Build configuration list for PBXProject "Prime Numbers" */;
			compatibilityVersion = "Xcode 3.2";
			developmentRegion = English;
			hasScannedForEncodings = 0;
			knownRegions = (
				en,
				Base,
			);
			mainGroup = 7638E4C51EDC41DF002835C9;
			productRefGroup = 7638E4CF1EDC41DF002835C9 /* Products */;
			projectDirPath = "";
			projectRoot = "";
			targets = (
				7638E4CD1EDC41DF002835C9 /* Prime Numbers */,
			);
		};
/* End PBXProject section */

/* Begin PBXResourcesBuildPhase section */
		7638E4CC1EDC41DF002835C9 /* Resources */ = {
			isa = PBXResourcesBuildPhase;
			buildActionMask = 2147483647;
			files = (
				7638E4DF1EDC41DF002835C9 /* LaunchScreen.storyboard in Resources */,
				7638E4DC1EDC41DF002835C9 /* Assets.xcassets in Resources */,
				7638E4D71EDC41DF002835C9 /* Main.storyboard in Resources */,
			);
			runOnlyForDeploymentPostprocessing = 0;
		};
/* End PBXResourcesBuildPhase section */

/* Begin PBXSourcesBuildPhase section */
		7638E4CA1EDC41DF002835C9 /* Sources */ = {
			isa = PBXSourcesBuildPhase;
			buildActionMask = 2147483647;
			files = (
				7638E4E91EDC4DBC002835C9 /* PrimeNumbersStats.swift in Sources */,
				7638E4D41EDC41DF002835C9 /* InitialViewController.swift in Sources */,
				7638E4E71EDC4320002835C9 /* PrimeNumberValidate.swift in Sources */,
				7638E4DA1EDC41DF002835C9 /* Prime_Numbers.xcdatamodeld in Sources */,
				7638E4D21EDC41DF002835C9 /* AppDelegate.swift in Sources */,
			);
			runOnlyForDeploymentPostprocessing = 0;
		};
/* End PBXSourcesBuildPhase section */

/* Begin PBXVariantGroup section */
		7638E4D51EDC41DF002835C9 /* Main.storyboard */ = {
			isa = PBXVariantGroup;
			children = (
				7638E4D61EDC41DF002835C9 /* Base */,
			);
			name = Main.storyboard;
			sourceTree = "<group>";
		};
		7638E4DD1EDC41DF002835C9 /* LaunchScreen.storyboard */ = {
			isa = PBXVariantGroup;
			children = (
				7638E4DE1EDC41DF002835C9 /* Base */,
			);
			name = LaunchScreen.storyboard;
			sourceTree = "<group>";
		};
/* End PBXVariantGroup section */

/* Begin XCBuildConfiguration section */
		7638E4E11EDC41DF002835C9 /* Debug */ = {
			isa = XCBuildConfiguration;
			buildSettings = {
				ALWAYS_SEARCH_USER_PATHS = NO;
				CLANG_ANALYZER_NONNULL = YES;
				CLANG_ANALYZER_NUMBER_OBJECT_CONVERSION = YES_AGGRESSIVE;
				CLANG_CXX_LANGUAGE_STANDARD = "gnu++0x";
				CLANG_CXX_LIBRARY = "libc++";
				CLANG_ENABLE_MODULES = YES;
				CLANG_ENABLE_OBJC_ARC = YES;
				CLANG_WARN_BOOL_CONVERSION = YES;
				CLANG_WARN_CONSTANT_CONVERSION = YES;
				CLANG_WARN_DIRECT_OBJC_ISA_USAGE = YES_ERROR;
				CLANG_WARN_DOCUMENTATION_COMMENTS = YES;
				CLANG_WARN_EMPTY_BODY = YES;
				CLANG_WARN_ENUM_CONVERSION = YES;
				CLANG_WARN_INFINITE_RECURSION = YES;
				CLANG_WARN_INT_CONVERSION = YES;
				CLANG_WARN_OBJC_ROOT_CLASS = YES_ERROR;
				CLANG_WARN_SUSPICIOUS_MOVE = YES;
				CLANG_WARN_UNREACHABLE_CODE = YES;
				CLANG_WARN__DUPLICATE_METHOD_MATCH = YES;
				"CODE_SIGN_IDENTITY[sdk=iphoneos*]" = "iPhone Developer";
				COPY_PHASE_STRIP = NO;
				DEBUG_INFORMATION_FORMAT = dwarf;
				ENABLE_STRICT_OBJC_MSGSEND = YES;
				ENABLE_TESTABILITY = YES;
				GCC_C_LANGUAGE_STANDARD = gnu99;
				GCC_DYNAMIC_NO_PIC = NO;
				GCC_NO_COMMON_BLOCKS = YES;
				GCC_OPTIMIZATION_LEVEL = 0;
				GCC_PREPROCESSOR_DEFINITIONS = (
					"DEBUG=1",
					"$(inherited)",
				);
				GCC_WARN_64_TO_32_BIT_CONVERSION = YES;
				GCC_WARN_ABOUT_RETURN_TYPE = YES_ERROR;
				GCC_WARN_UNDECLARED_SELECTOR = YES;
				GCC_WARN_UNINITIALIZED_AUTOS = YES_AGGRESSIVE;
				GCC_WARN_UNUSED_FUNCTION = YES;
				GCC_WARN_UNUSED_VARIABLE = YES;
				IPHONEOS_DEPLOYMENT_TARGET = 10.3;
				MTL_ENABLE_DEBUG_INFO = YES;
				ONLY_ACTIVE_ARCH = YES;
				SDKROOT = iphoneos;
				SWIFT_ACTIVE_COMPILATION_CONDITIONS = DEBUG;
				SWIFT_OPTIMIZATION_LEVEL = "-Onone";
				TARGETED_DEVICE_FAMILY = "1,2";
			};
			name = Debug;
		};
		7638E4E21EDC41DF002835C9 /* Release */ = {
			isa = XCBuildConfiguration;
			buildSettings = {
				ALWAYS_SEARCH_USER_PATHS = NO;
				CLANG_ANALYZER_NONNULL = YES;
				CLANG_ANALYZER_NUMBER_OBJECT_CONVERSION = YES_AGGRESSIVE;
				CLANG_CXX_LANGUAGE_STANDARD = "gnu++0x";
				CLANG_CXX_LIBRARY = "libc++";
				CLANG_ENABLE_MODULES = YES;
				CLANG_ENABLE_OBJC_ARC = YES;
				CLANG_WARN_BOOL_CONVERSION = YES;
				CLANG_WARN_CONSTANT_CONVERSION = YES;
				CLANG_WARN_DIRECT_OBJC_ISA_USAGE = YES_ERROR;
				CLANG_WARN_DOCUMENTATION_COMMENTS = YES;
				CLANG_WARN_EMPTY_BODY = YES;
				CLANG_WARN_ENUM_CONVERSION = YES;
				CLANG_WARN_INFINITE_RECURSION = YES;
				CLANG_WARN_INT_CONVERSION = YES;
				CLANG_WARN_OBJC_ROOT_CLASS = YES_ERROR;
				CLANG_WARN_SUSPICIOUS_MOVE = YES;
				CLANG_WARN_UNREACHABLE_CODE = YES;
				CLANG_WARN__DUPLICATE_METHOD_MATCH = YES;
				"CODE_SIGN_IDENTITY[sdk=iphoneos*]" = "iPhone Developer";
				COPY_PHASE_STRIP = NO;
				DEBUG_INFORMATION_FORMAT = "dwarf-with-dsym";
				ENABLE_NS_ASSERTIONS = NO;
				ENABLE_STRICT_OBJC_MSGSEND = YES;
				GCC_C_LANGUAGE_STANDARD = gnu99;
				GCC_NO_COMMON_BLOCKS = YES;
				GCC_WARN_64_TO_32_BIT_CONVERSION = YES;
				GCC_WARN_ABOUT_RETURN_TYPE = YES_ERROR;
				GCC_WARN_UNDECLARED_SELECTOR = YES;
				GCC_WARN_UNINITIALIZED_AUTOS = YES_AGGRESSIVE;
				GCC_WARN_UNUSED_FUNCTION = YES;
				GCC_WARN_UNUSED_VARIABLE = YES;
				IPHONEOS_DEPLOYMENT_TARGET = 10.3;
				MTL_ENABLE_DEBUG_INFO = NO;
				SDKROOT = iphoneos;
				SWIFT_OPTIMIZATION_LEVEL = "-Owholemodule";
				TARGETED_DEVICE_FAMILY = "1,2";
				VALIDATE_PRODUCT = YES;
			};
			name = Release;
		};
		7638E4E41EDC41DF002835C9 /* Debug */ = {
			isa = XCBuildConfiguration;
			buildSettings = {
				ASSETCATALOG_COMPILER_APPICON_NAME = AppIcon;
				DEVELOPMENT_TEAM = D82HCVQN26;
				INFOPLIST_FILE = "Prime Numbers/Info.plist";
				LD_RUNPATH_SEARCH_PATHS = "$(inherited) @executable_path/Frameworks";
				PRODUCT_BUNDLE_IDENTIFIER = "com.tarmin.Prime-Numbers";
				PRODUCT_NAME = "$(TARGET_NAME)";
				SWIFT_VERSION = 3.0;
			};
			name = Debug;
		};
		7638E4E51EDC41DF002835C9 /* Release */ = {
			isa = XCBuildConfiguration;
			buildSettings = {
				ASSETCATALOG_COMPILER_APPICON_NAME = AppIcon;
				DEVELOPMENT_TEAM = D82HCVQN26;
				INFOPLIST_FILE = "Prime Numbers/Info.plist";
				LD_RUNPATH_SEARCH_PATHS = "$(inherited) @executable_path/Frameworks";
				PRODUCT_BUNDLE_IDENTIFIER = "com.tarmin.Prime-Numbers";
				PRODUCT_NAME = "$(TARGET_NAME)";
				SWIFT_VERSION = 3.0;
			};
			name = Release;
		};
/* End XCBuildConfiguration section */

/* Begin XCConfigurationList section */
		7638E4C91EDC41DF002835C9 /* Build configuration list for PBXProject "Prime Numbers" */ = {
			isa = XCConfigurationList;
			buildConfigurations = (
				7638E4E11EDC41DF002835C9 /* Debug */,
				7638E4E21EDC41DF002835C9 /* Release */,
			);
			defaultConfigurationIsVisible = 0;
			defaultConfigurationName = Release;
		};
		7638E4E31EDC41DF002835C9 /* Build configuration list for PBXNativeTarget "Prime Numbers" */ = {
			isa = XCConfigurationList;
			buildConfigurations = (
				7638E4E41EDC41DF002835C9 /* Debug */,
				7638E4E51EDC41DF002835C9 /* Release */,
			);
			defaultConfigurationIsVisible = 0;
		};
/* End XCConfigurationList section */

/* Begin XCVersionGroup section */
		7638E4D81EDC41DF002835C9 /* Prime_Numbers.xcdatamodeld */ = {
			isa = XCVersionGroup;
			children = (
				7638E4D91EDC41DF002835C9 /* Prime_Numbers.xcdatamodel */,
			);
			currentVersion = 7638E4D91EDC41DF002835C9 /* Prime_Numbers.xcdatamodel */;
			path = Prime_Numbers.xcdatamodeld;
			sourceTree = "<group>";
			versionGroupType = wrapper.xcdatamodel;
		};
/* End XCVersionGroup section */
	};
	rootObject = 7638E4C61EDC41DF002835C9 /* Project object */;
}
